
Microsoft Visual Studio Solution File, Format Version 12.00
# Visual Studio Version 16
VisualStudioVersion = 16.0.31105.61
MinimumVisualStudioVersion = 10.0.40219.1
Project("{9A19103F-16F7-4668-BE54-9A1E7A4F7556}") = "AlgoApi", "AlgoApi\AlgoApi.csproj", "{42B09C9A-6DDC-4E76-9662-C4645300C151}"
EndProject
Project("{9A19103F-16F7-4668-BE54-9A1E7A4F7556}") = "Algos", "Algos\Algos.csproj", "{AB307163-FA89-499E-9F68-06BEFEA91E3D}"
EndProject
Global
	GlobalSection(SolutionConfigurationPlatforms) = preSolution
		Debug|Any CPU = Debug|Any CPU
		Release|Any CPU = Release|Any CPU
	EndGlobalSection
	GlobalSection(ProjectConfigurationPlatforms) = postSolution
		{42B09C9A-6DDC-4E76-9662-C4645300C151}.Debug|Any CPU.ActiveCfg = Debug|Any CPU
		{42B09C9A-6DDC-4E76-9662-C4645300C151}.Debug|Any CPU.Build.0 = Debug|Any CPU
		{42B09C9A-6DDC-4E76-9662-C4645300C151}.Release|Any CPU.ActiveCfg = Release|Any CPU
		{42B09C9A-6DDC-4E76-9662-C4645300C151}.Release|Any CPU.Build.0 = Release|Any CPU
		{AB307163-FA89-499E-9F68-06BEFEA91E3D}.Debug|Any CPU.ActiveCfg = Debug|Any CPU
		{AB307163-FA89-499E-9F68-06BEFEA91E3D}.Debug|Any CPU.Build.0 = Debug|Any CPU
		{AB307163-FA89-499E-9F68-06BEFEA91E3D}.Release|Any CPU.ActiveCfg = Release|Any CPU
		{AB307163-FA89-499E-9F68-06BEFEA91E3D}.Release|Any CPU.Build.0 = Release|Any CPU
	EndGlobalSection
	GlobalSection(SolutionProperties) = preSolution
		HideSolutionNode = FALSE
	EndGlobalSection
	GlobalSection(ExtensibilityGlobals) = postSolution
		SolutionGuid = {85D4E5F3-0A29-462A-B6AB-84C6C48A923D}
	EndGlobalSection
EndGlobal
